
Microsoft Visual Studio Solution File, Format Version 12.00
Project("{2150E333-8FDC-42A3-9474-1A3956D46DE8}") = "src", "src", "{F49AA870-BF5E-474F-A0C2-9B3174857BA2}"
EndProject
Project("{FAE04EC0-301F-11D3-BF4B-00C04F79EFBC}") = "Koledeus.API", "src\Koledeus.API\Koledeus.API.csproj", "{6BB93368-B91B-4FBC-8523-47B45A118775}"
EndProject
Project("{2150E333-8FDC-42A3-9474-1A3956D46DE8}") = "protos", "protos", "{7A4AA42A-D199-4931-AE80-BA7A39EFB3E1}"
EndProject
Global
	GlobalSection(SolutionConfigurationPlatforms) = preSolution
		Debug|Any CPU = Debug|Any CPU
		Release|Any CPU = Release|Any CPU
	EndGlobalSection
	GlobalSection(NestedProjects) = preSolution
		{6BB93368-B91B-4FBC-8523-47B45A118775} = {F49AA870-BF5E-474F-A0C2-9B3174857BA2}
	EndGlobalSection
	GlobalSection(ProjectConfigurationPlatforms) = postSolution
		{6BB93368-B91B-4FBC-8523-47B45A118775}.Debug|Any CPU.ActiveCfg = Debug|Any CPU
		{6BB93368-B91B-4FBC-8523-47B45A118775}.Debug|Any CPU.Build.0 = Debug|Any CPU
		{6BB93368-B91B-4FBC-8523-47B45A118775}.Release|Any CPU.ActiveCfg = Release|Any CPU
		{6BB93368-B91B-4FBC-8523-47B45A118775}.Release|Any CPU.Build.0 = Release|Any CPU
	EndGlobalSection
EndGlobal
